
Microsoft Visual Studio Solution File, Format Version 12.00
# Visual Studio Version 17
VisualStudioVersion = 17.9.34723.18
MinimumVisualStudioVersion = 10.0.40219.1
Project("{FAE04EC0-301F-11D3-BF4B-00C04F79EFBC}") = "ManageInformation", "ManageInformation.csproj", "{1FB0D70C-BA7A-4F82-9772-C46DF30BAE54}"
EndProject
Global
	GlobalSection(SolutionConfigurationPlatforms) = preSolution
		Debug|Any CPU = Debug|Any CPU
		Release|Any CPU = Release|Any CPU
	EndGlobalSection
	GlobalSection(ProjectConfigurationPlatforms) = postSolution
		{1FB0D70C-BA7A-4F82-9772-C46DF30BAE54}.Debug|Any CPU.ActiveCfg = Debug|Any CPU
		{1FB0D70C-BA7A-4F82-9772-C46DF30BAE54}.Debug|Any CPU.Build.0 = Debug|Any CPU
		{1FB0D70C-BA7A-4F82-9772-C46DF30BAE54}.Release|Any CPU.ActiveCfg = Release|Any CPU
		{1FB0D70C-BA7A-4F82-9772-C46DF30BAE54}.Release|Any CPU.Build.0 = Release|Any CPU
	EndGlobalSection
	GlobalSection(SolutionProperties) = preSolution
		HideSolutionNode = FALSE
	EndGlobalSection
	GlobalSection(ExtensibilityGlobals) = postSolution
		SolutionGuid = {4523464F-3347-4AA2-A027-982987CD9645}
	EndGlobalSection
EndGlobal
